
Microsoft Visual Studio Solution File, Format Version 12.00
# Visual Studio Version 17
VisualStudioVersion = 17.5.33530.505
MinimumVisualStudioVersion = 10.0.40219.1
Project("{9A19103F-16F7-4668-BE54-9A1E7A4F7556}") = "LiderApp.WebUI", "LiderApp.WebUI\LiderApp.WebUI.csproj", "{97AF61AC-E0BC-46BB-BDC3-4D93A78C863B}"
EndProject
Project("{9A19103F-16F7-4668-BE54-9A1E7A4F7556}") = "LiderApp.Domain", "LiderApp.Domain\LiderApp.Domain.csproj", "{FE36715C-C1BD-4497-B3E8-68E5768563B9}"
EndProject
Global
	GlobalSection(SolutionConfigurationPlatforms) = preSolution
		Debug|Any CPU = Debug|Any CPU
		Release|Any CPU = Release|Any CPU
	EndGlobalSection
	GlobalSection(ProjectConfigurationPlatforms) = postSolution
		{97AF61AC-E0BC-46BB-BDC3-4D93A78C863B}.Debug|Any CPU.ActiveCfg = Debug|Any CPU
		{97AF61AC-E0BC-46BB-BDC3-4D93A78C863B}.Debug|Any CPU.Build.0 = Debug|Any CPU
		{97AF61AC-E0BC-46BB-BDC3-4D93A78C863B}.Release|Any CPU.ActiveCfg = Release|Any CPU
		{97AF61AC-E0BC-46BB-BDC3-4D93A78C863B}.Release|Any CPU.Build.0 = Release|Any CPU
		{FE36715C-C1BD-4497-B3E8-68E5768563B9}.Debug|Any CPU.ActiveCfg = Debug|Any CPU
		{FE36715C-C1BD-4497-B3E8-68E5768563B9}.Debug|Any CPU.Build.0 = Debug|Any CPU
		{FE36715C-C1BD-4497-B3E8-68E5768563B9}.Release|Any CPU.ActiveCfg = Release|Any CPU
		{FE36715C-C1BD-4497-B3E8-68E5768563B9}.Release|Any CPU.Build.0 = Release|Any CPU
	EndGlobalSection
	GlobalSection(SolutionProperties) = preSolution
		HideSolutionNode = FALSE
	EndGlobalSection
	GlobalSection(ExtensibilityGlobals) = postSolution
		SolutionGuid = {E8BBAB13-40B7-45A1-8F33-15875595D5B4}
	EndGlobalSection
EndGlobal
